
Microsoft Visual Studio Solution File, Format Version 12.00
# Visual Studio Version 17
VisualStudioVersion = 17.0.31903.59
MinimumVisualStudioVersion = 10.0.40219.1
Project("{FAE04EC0-301F-11D3-BF4B-00C04F79EFBC}") = "Steam.Core", "Steam.Core\Steam.Core.csproj", "{385A0752-A5AA-40C4-B074-F69E8A857378}"
EndProject
Project("{FAE04EC0-301F-11D3-BF4B-00C04F79EFBC}") = "Steam.Infrastructure", "Steam.Infrastructure\Steam.Infrastructure.csproj", "{84680A3A-A6C6-4889-80AE-A37687E229AC}"
EndProject
Project("{FAE04EC0-301F-11D3-BF4B-00C04F79EFBC}") = "Steam.Presentation", "Steam.Presentation\Steam.Presentation.csproj", "{1540F838-74CD-4DE2-A7F9-6D12117E90D8}"
EndProject
Global
	GlobalSection(SolutionConfigurationPlatforms) = preSolution
		Debug|Any CPU = Debug|Any CPU
		Release|Any CPU = Release|Any CPU
	EndGlobalSection
	GlobalSection(SolutionProperties) = preSolution
		HideSolutionNode = FALSE
	EndGlobalSection
	GlobalSection(ProjectConfigurationPlatforms) = postSolution
		{385A0752-A5AA-40C4-B074-F69E8A857378}.Debug|Any CPU.ActiveCfg = Debug|Any CPU
		{385A0752-A5AA-40C4-B074-F69E8A857378}.Debug|Any CPU.Build.0 = Debug|Any CPU
		{385A0752-A5AA-40C4-B074-F69E8A857378}.Release|Any CPU.ActiveCfg = Release|Any CPU
		{385A0752-A5AA-40C4-B074-F69E8A857378}.Release|Any CPU.Build.0 = Release|Any CPU
		{84680A3A-A6C6-4889-80AE-A37687E229AC}.Debug|Any CPU.ActiveCfg = Debug|Any CPU
		{84680A3A-A6C6-4889-80AE-A37687E229AC}.Debug|Any CPU.Build.0 = Debug|Any CPU
		{84680A3A-A6C6-4889-80AE-A37687E229AC}.Release|Any CPU.ActiveCfg = Release|Any CPU
		{84680A3A-A6C6-4889-80AE-A37687E229AC}.Release|Any CPU.Build.0 = Release|Any CPU
		{1540F838-74CD-4DE2-A7F9-6D12117E90D8}.Debug|Any CPU.ActiveCfg = Debug|Any CPU
		{1540F838-74CD-4DE2-A7F9-6D12117E90D8}.Debug|Any CPU.Build.0 = Debug|Any CPU
		{1540F838-74CD-4DE2-A7F9-6D12117E90D8}.Release|Any CPU.ActiveCfg = Release|Any CPU
		{1540F838-74CD-4DE2-A7F9-6D12117E90D8}.Release|Any CPU.Build.0 = Release|Any CPU
	EndGlobalSection
EndGlobal
